
Microsoft Visual Studio Solution File, Format Version 12.00
# Visual Studio Version 16
VisualStudioVersion = 16.0.28803.202
MinimumVisualStudioVersion = 10.0.40219.1
Project("{FAE04EC0-301F-11D3-BF4B-00C04F79EFBC}") = "Logs", "WindowsFormsApp1\Logs.csproj", "{56FF3ECB-1213-4044-A7A9-0584962BD073}"
EndProject
Global
	GlobalSection(SolutionConfigurationPlatforms) = preSolution
		Debug|Any CPU = Debug|Any CPU
	EndGlobalSection
	GlobalSection(ProjectConfigurationPlatforms) = postSolution
		{56FF3ECB-1213-4044-A7A9-0584962BD073}.Debug|Any CPU.ActiveCfg = Debug|Any CPU
		{56FF3ECB-1213-4044-A7A9-0584962BD073}.Debug|Any CPU.Build.0 = Debug|Any CPU
	EndGlobalSection
	GlobalSection(SolutionProperties) = preSolution
		HideSolutionNode = FALSE
	EndGlobalSection
	GlobalSection(ExtensibilityGlobals) = postSolution
		SolutionGuid = {8463B73B-26E7-4D83-AA28-E6AA1EE6C06E}
	EndGlobalSection
EndGlobal
